
Microsoft Visual Studio Solution File, Format Version 12.00
# Visual Studio Version 17
VisualStudioVersion = 17.1.32328.378
MinimumVisualStudioVersion = 10.0.40219.1
Project("{9A19103F-16F7-4668-BE54-9A1E7A4F7556}") = "FirstApp", "FirstApp\FirstApp.csproj", "{2FC639D6-9C99-40DA-A0FD-C889A0C8E803}"
EndProject
Project("{9A19103F-16F7-4668-BE54-9A1E7A4F7556}") = "CSharpBasics", "CSharpBasics\CSharpBasics.csproj", "{8ED03BDA-40DE-4FA5-B19F-D411BF012411}"
EndProject
Project("{9A19103F-16F7-4668-BE54-9A1E7A4F7556}") = "DataStructures", "DataStructures\DataStructures.csproj", "{82BB1D98-445F-4626-9219-20D98421501D}"
EndProject
Project("{9A19103F-16F7-4668-BE54-9A1E7A4F7556}") = "CSharpPractice", "CSharpPractice\CSharpPractice.csproj", "{7093F2CA-16A4-43DE-A117-18EBED8D6C46}"
EndProject
Project("{FAE04EC0-301F-11D3-BF4B-00C04F79EFBC}") = "oops", "..\oops\oops.csproj", "{A3CF96A5-ACDB-4085-90FD-6C1EAD8FF67C}"
EndProject
Global
	GlobalSection(SolutionConfigurationPlatforms) = preSolution
		Debug|Any CPU = Debug|Any CPU
		Debug|ARM = Debug|ARM
		Debug|ARM64 = Debug|ARM64
		Debug|x64 = Debug|x64
		Debug|x86 = Debug|x86
		Release|Any CPU = Release|Any CPU
		Release|ARM = Release|ARM
		Release|ARM64 = Release|ARM64
		Release|x64 = Release|x64
		Release|x86 = Release|x86
	EndGlobalSection
	GlobalSection(ProjectConfigurationPlatforms) = postSolution
		{2FC639D6-9C99-40DA-A0FD-C889A0C8E803}.Debug|Any CPU.ActiveCfg = Debug|Any CPU
		{2FC639D6-9C99-40DA-A0FD-C889A0C8E803}.Debug|Any CPU.Build.0 = Debug|Any CPU
		{2FC639D6-9C99-40DA-A0FD-C889A0C8E803}.Debug|ARM.ActiveCfg = Debug|Any CPU
		{2FC639D6-9C99-40DA-A0FD-C889A0C8E803}.Debug|ARM.Build.0 = Debug|Any CPU
		{2FC639D6-9C99-40DA-A0FD-C889A0C8E803}.Debug|ARM64.ActiveCfg = Debug|Any CPU
		{2FC639D6-9C99-40DA-A0FD-C889A0C8E803}.Debug|ARM64.Build.0 = Debug|Any CPU
		{2FC639D6-9C99-40DA-A0FD-C889A0C8E803}.Debug|x64.ActiveCfg = Debug|Any CPU
		{2FC639D6-9C99-40DA-A0FD-C889A0C8E803}.Debug|x64.Build.0 = Debug|Any CPU
		{2FC639D6-9C99-40DA-A0FD-C889A0C8E803}.Debug|x86.ActiveCfg = Debug|Any CPU
		{2FC639D6-9C99-40DA-A0FD-C889A0C8E803}.Debug|x86.Build.0 = Debug|Any CPU
		{2FC639D6-9C99-40DA-A0FD-C889A0C8E803}.Release|Any CPU.ActiveCfg = Release|Any CPU
		{2FC639D6-9C99-40DA-A0FD-C889A0C8E803}.Release|Any CPU.Build.0 = Release|Any CPU
		{2FC639D6-9C99-40DA-A0FD-C889A0C8E803}.Release|ARM.ActiveCfg = Release|Any CPU
		{2FC639D6-9C99-40DA-A0FD-C889A0C8E803}.Release|ARM.Build.0 = Release|Any CPU
		{2FC639D6-9C99-40DA-A0FD-C889A0C8E803}.Release|ARM64.ActiveCfg = Release|Any CPU
		{2FC639D6-9C99-40DA-A0FD-C889A0C8E803}.Release|ARM64.Build.0 = Release|Any CPU
		{2FC639D6-9C99-40DA-A0FD-C889A0C8E803}.Release|x64.ActiveCfg = Release|Any CPU
		{2FC639D6-9C99-40DA-A0FD-C889A0C8E803}.Release|x64.Build.0 = Release|Any CPU
		{2FC639D6-9C99-40DA-A0FD-C889A0C8E803}.Release|x86.ActiveCfg = Release|Any CPU
		{2FC639D6-9C99-40DA-A0FD-C889A0C8E803}.Release|x86.Build.0 = Release|Any CPU
		{8ED03BDA-40DE-4FA5-B19F-D411BF012411}.Debug|Any CPU.ActiveCfg = Debug|Any CPU
		{8ED03BDA-40DE-4FA5-B19F-D411BF012411}.Debug|Any CPU.Build.0 = Debug|Any CPU
		{8ED03BDA-40DE-4FA5-B19F-D411BF012411}.Debug|ARM.ActiveCfg = Debug|Any CPU
		{8ED03BDA-40DE-4FA5-B19F-D411BF012411}.Debug|ARM.Build.0 = Debug|Any CPU
		{8ED03BDA-40DE-4FA5-B19F-D411BF012411}.Debug|ARM64.ActiveCfg = Debug|Any CPU
		{8ED03BDA-40DE-4FA5-B19F-D411BF012411}.Debug|ARM64.Build.0 = Debug|Any CPU
		{8ED03BDA-40DE-4FA5-B19F-D411BF012411}.Debug|x64.ActiveCfg = Debug|Any CPU
		{8ED03BDA-40DE-4FA5-B19F-D411BF012411}.Debug|x64.Build.0 = Debug|Any CPU
		{8ED03BDA-40DE-4FA5-B19F-D411BF012411}.Debug|x86.ActiveCfg = Debug|Any CPU
		{8ED03BDA-40DE-4FA5-B19F-D411BF012411}.Debug|x86.Build.0 = Debug|Any CPU
		{8ED03BDA-40DE-4FA5-B19F-D411BF012411}.Release|Any CPU.ActiveCfg = Release|Any CPU
		{8ED03BDA-40DE-4FA5-B19F-D411BF012411}.Release|Any CPU.Build.0 = Release|Any CPU
		{8ED03BDA-40DE-4FA5-B19F-D411BF012411}.Release|ARM.ActiveCfg = Release|Any CPU
		{8ED03BDA-40DE-4FA5-B19F-D411BF012411}.Release|ARM.Build.0 = Release|Any CPU
		{8ED03BDA-40DE-4FA5-B19F-D411BF012411}.Release|ARM64.ActiveCfg = Release|Any CPU
		{8ED03BDA-40DE-4FA5-B19F-D411BF012411}.Release|ARM64.Build.0 = Release|Any CPU
		{8ED03BDA-40DE-4FA5-B19F-D411BF012411}.Release|x64.ActiveCfg = Release|Any CPU
		{8ED03BDA-40DE-4FA5-B19F-D411BF012411}.Release|x64.Build.0 = Release|Any CPU
		{8ED03BDA-40DE-4FA5-B19F-D411BF012411}.Release|x86.ActiveCfg = Release|Any CPU
		{8ED03BDA-40DE-4FA5-B19F-D411BF012411}.Release|x86.Build.0 = Release|Any CPU
		{82BB1D98-445F-4626-9219-20D98421501D}.Debug|Any CPU.ActiveCfg = Debug|Any CPU
		{82BB1D98-445F-4626-9219-20D98421501D}.Debug|Any CPU.Build.0 = Debug|Any CPU
		{82BB1D98-445F-4626-9219-20D98421501D}.Debug|ARM.ActiveCfg = Debug|Any CPU
		{82BB1D98-445F-4626-9219-20D98421501D}.Debug|ARM.Build.0 = Debug|Any CPU
		{82BB1D98-445F-4626-9219-20D98421501D}.Debug|ARM64.ActiveCfg = Debug|Any CPU
		{82BB1D98-445F-4626-9219-20D98421501D}.Debug|ARM64.Build.0 = Debug|Any CPU
		{82BB1D98-445F-4626-9219-20D98421501D}.Debug|x64.ActiveCfg = Debug|Any CPU
		{82BB1D98-445F-4626-9219-20D98421501D}.Debug|x64.Build.0 = Debug|Any CPU
		{82BB1D98-445F-4626-9219-20D98421501D}.Debug|x86.ActiveCfg = Debug|Any CPU
		{82BB1D98-445F-4626-9219-20D98421501D}.Debug|x86.Build.0 = Debug|Any CPU
		{82BB1D98-445F-4626-9219-20D98421501D}.Release|Any CPU.ActiveCfg = Release|Any CPU
		{82BB1D98-445F-4626-9219-20D98421501D}.Release|Any CPU.Build.0 = Release|Any CPU
		{82BB1D98-445F-4626-9219-20D98421501D}.Release|ARM.ActiveCfg = Release|Any CPU
		{82BB1D98-445F-4626-9219-20D98421501D}.Release|ARM.Build.0 = Release|Any CPU
		{82BB1D98-445F-4626-9219-20D98421501D}.Release|ARM64.ActiveCfg = Release|Any CPU
		{82BB1D98-445F-4626-9219-20D98421501D}.Release|ARM64.Build.0 = Release|Any CPU
		{82BB1D98-445F-4626-9219-20D98421501D}.Release|x64.ActiveCfg = Release|Any CPU
		{82BB1D98-445F-4626-9219-20D98421501D}.Release|x64.Build.0 = Release|Any CPU
		{82BB1D98-445F-4626-9219-20D98421501D}.Release|x86.ActiveCfg = Release|Any CPU
		{82BB1D98-445F-4626-9219-20D98421501D}.Release|x86.Build.0 = Release|Any CPU
		{7093F2CA-16A4-43DE-A117-18EBED8D6C46}.Debug|Any CPU.ActiveCfg = Debug|Any CPU
		{7093F2CA-16A4-43DE-A117-18EBED8D6C46}.Debug|Any CPU.Build.0 = Debug|Any CPU
		{7093F2CA-16A4-43DE-A117-18EBED8D6C46}.Debug|ARM.ActiveCfg = Debug|Any CPU
		{7093F2CA-16A4-43DE-A117-18EBED8D6C46}.Debug|ARM.Build.0 = Debug|Any CPU
		{7093F2CA-16A4-43DE-A117-18EBED8D6C46}.Debug|ARM64.ActiveCfg = Debug|Any CPU
		{7093F2CA-16A4-43DE-A117-18EBED8D6C46}.Debug|ARM64.Build.0 = Debug|Any CPU
		{7093F2CA-16A4-43DE-A117-18EBED8D6C46}.Debug|x64.ActiveCfg = Debug|Any CPU
		{7093F2CA-16A4-43DE-A117-18EBED8D6C46}.Debug|x64.Build.0 = Debug|Any CPU
		{7093F2CA-16A4-43DE-A117-18EBED8D6C46}.Debug|x86.ActiveCfg = Debug|Any CPU
		{7093F2CA-16A4-43DE-A117-18EBED8D6C46}.Debug|x86.Build.0 = Debug|Any CPU
		{7093F2CA-16A4-43DE-A117-18EBED8D6C46}.Release|Any CPU.ActiveCfg = Release|Any CPU
		{7093F2CA-16A4-43DE-A117-18EBED8D6C46}.Release|Any CPU.Build.0 = Release|Any CPU
		{7093F2CA-16A4-43DE-A117-18EBED8D6C46}.Release|ARM.ActiveCfg = Release|Any CPU
		{7093F2CA-16A4-43DE-A117-18EBED8D6C46}.Release|ARM.Build.0 = Release|Any CPU
		{7093F2CA-16A4-43DE-A117-18EBED8D6C46}.Release|ARM64.ActiveCfg = Release|Any CPU
		{7093F2CA-16A4-43DE-A117-18EBED8D6C46}.Release|ARM64.Build.0 = Release|Any CPU
		{7093F2CA-16A4-43DE-A117-18EBED8D6C46}.Release|x64.ActiveCfg = Release|Any CPU
		{7093F2CA-16A4-43DE-A117-18EBED8D6C46}.Release|x64.Build.0 = Release|Any CPU
		{7093F2CA-16A4-43DE-A117-18EBED8D6C46}.Release|x86.ActiveCfg = Release|Any CPU
		{7093F2CA-16A4-43DE-A117-18EBED8D6C46}.Release|x86.Build.0 = Release|Any CPU
		{A3CF96A5-ACDB-4085-90FD-6C1EAD8FF67C}.Debug|Any CPU.ActiveCfg = Debug|Any CPU
		{A3CF96A5-ACDB-4085-90FD-6C1EAD8FF67C}.Debug|Any CPU.Build.0 = Debug|Any CPU
		{A3CF96A5-ACDB-4085-90FD-6C1EAD8FF67C}.Debug|ARM.ActiveCfg = Debug|Any CPU
		{A3CF96A5-ACDB-4085-90FD-6C1EAD8FF67C}.Debug|ARM.Build.0 = Debug|Any CPU
		{A3CF96A5-ACDB-4085-90FD-6C1EAD8FF67C}.Debug|ARM64.ActiveCfg = Debug|Any CPU
		{A3CF96A5-ACDB-4085-90FD-6C1EAD8FF67C}.Debug|ARM64.Build.0 = Debug|Any CPU
		{A3CF96A5-ACDB-4085-90FD-6C1EAD8FF67C}.Debug|x64.ActiveCfg = Debug|Any CPU
		{A3CF96A5-ACDB-4085-90FD-6C1EAD8FF67C}.Debug|x64.Build.0 = Debug|Any CPU
		{A3CF96A5-ACDB-4085-90FD-6C1EAD8FF67C}.Debug|x86.ActiveCfg = Debug|Any CPU
		{A3CF96A5-ACDB-4085-90FD-6C1EAD8FF67C}.Debug|x86.Build.0 = Debug|Any CPU
		{A3CF96A5-ACDB-4085-90FD-6C1EAD8FF67C}.Release|Any CPU.ActiveCfg = Release|Any CPU
		{A3CF96A5-ACDB-4085-90FD-6C1EAD8FF67C}.Release|Any CPU.Build.0 = Release|Any CPU
		{A3CF96A5-ACDB-4085-90FD-6C1EAD8FF67C}.Release|ARM.ActiveCfg = Release|Any CPU
		{A3CF96A5-ACDB-4085-90FD-6C1EAD8FF67C}.Release|ARM.Build.0 = Release|Any CPU
		{A3CF96A5-ACDB-4085-90FD-6C1EAD8FF67C}.Release|ARM64.ActiveCfg = Release|Any CPU
		{A3CF96A5-ACDB-4085-90FD-6C1EAD8FF67C}.Release|ARM64.Build.0 = Release|Any CPU
		{A3CF96A5-ACDB-4085-90FD-6C1EAD8FF67C}.Release|x64.ActiveCfg = Release|Any CPU
		{A3CF96A5-ACDB-4085-90FD-6C1EAD8FF67C}.Release|x64.Build.0 = Release|Any CPU
		{A3CF96A5-ACDB-4085-90FD-6C1EAD8FF67C}.Release|x86.ActiveCfg = Release|Any CPU
		{A3CF96A5-ACDB-4085-90FD-6C1EAD8FF67C}.Release|x86.Build.0 = Release|Any CPU
	EndGlobalSection
	GlobalSection(SolutionProperties) = preSolution
		HideSolutionNode = FALSE
	EndGlobalSection
	GlobalSection(ExtensibilityGlobals) = postSolution
		SolutionGuid = {240240A9-F809-4F27-8FD8-5B955DAF2FF6}
	EndGlobalSection
EndGlobal
